
Microsoft Visual Studio Solution File, Format Version 12.00
# Visual Studio 14
VisualStudioVersion = 14.0.25420.1
MinimumVisualStudioVersion = 10.0.40219.1
Project("{FAE04EC0-301F-11D3-BF4B-00C04F79EFBC}") = "MVC10PMMiracleBatch", "MVC10PMMiracleBatch\MVC10PMMiracleBatch.csproj", "{6DE4E7A8-A7D0-4C61-8C45-049F7ECB8B51}"
EndProject
Project("{FAE04EC0-301F-11D3-BF4B-00C04F79EFBC}") = "AdoNetExample", "AdoNetExample\AdoNetExample.csproj", "{B1B74B8E-EA14-46B1-8F4B-97AFB0180880}"
EndProject
Project("{FAE04EC0-301F-11D3-BF4B-00C04F79EFBC}") = "DatabaseApproach", "DatabaseApproach\DatabaseApproach.csproj", "{2EF30140-1EC9-40CD-8C14-72E8C23CB955}"
EndProject
Project("{FAE04EC0-301F-11D3-BF4B-00C04F79EFBC}") = "CodeFirstApproach", "CodeFirstApproach\CodeFirstApproach.csproj", "{DE66C935-5460-48A2-885A-6DF202FC5216}"
EndProject
Project("{FAE04EC0-301F-11D3-BF4B-00C04F79EFBC}") = "ModelFirstApproach", "ModelFirstApproach\ModelFirstApproach.csproj", "{7EB2F6E9-581E-4743-A3E7-EEC2B3C8FCF4}"
EndProject
Project("{FAE04EC0-301F-11D3-BF4B-00C04F79EFBC}") = "DapperExample", "DapperExample\DapperExample.csproj", "{8A38147B-ED5D-45F3-951D-1EAC889B2C0C}"
EndProject
Project("{FAE04EC0-301F-11D3-BF4B-00C04F79EFBC}") = "WebApi", "WebApi\WebApi.csproj", "{BD5679F3-DA6E-4536-9CD3-8745CFFA7E59}"
EndProject
Global
	GlobalSection(SolutionConfigurationPlatforms) = preSolution
		Debug|Any CPU = Debug|Any CPU
		Release|Any CPU = Release|Any CPU
	EndGlobalSection
	GlobalSection(ProjectConfigurationPlatforms) = postSolution
		{6DE4E7A8-A7D0-4C61-8C45-049F7ECB8B51}.Debug|Any CPU.ActiveCfg = Debug|Any CPU
		{6DE4E7A8-A7D0-4C61-8C45-049F7ECB8B51}.Debug|Any CPU.Build.0 = Debug|Any CPU
		{6DE4E7A8-A7D0-4C61-8C45-049F7ECB8B51}.Release|Any CPU.ActiveCfg = Release|Any CPU
		{6DE4E7A8-A7D0-4C61-8C45-049F7ECB8B51}.Release|Any CPU.Build.0 = Release|Any CPU
		{B1B74B8E-EA14-46B1-8F4B-97AFB0180880}.Debug|Any CPU.ActiveCfg = Debug|Any CPU
		{B1B74B8E-EA14-46B1-8F4B-97AFB0180880}.Debug|Any CPU.Build.0 = Debug|Any CPU
		{B1B74B8E-EA14-46B1-8F4B-97AFB0180880}.Release|Any CPU.ActiveCfg = Release|Any CPU
		{B1B74B8E-EA14-46B1-8F4B-97AFB0180880}.Release|Any CPU.Build.0 = Release|Any CPU
		{2EF30140-1EC9-40CD-8C14-72E8C23CB955}.Debug|Any CPU.ActiveCfg = Debug|Any CPU
		{2EF30140-1EC9-40CD-8C14-72E8C23CB955}.Debug|Any CPU.Build.0 = Debug|Any CPU
		{2EF30140-1EC9-40CD-8C14-72E8C23CB955}.Release|Any CPU.ActiveCfg = Release|Any CPU
		{2EF30140-1EC9-40CD-8C14-72E8C23CB955}.Release|Any CPU.Build.0 = Release|Any CPU
		{DE66C935-5460-48A2-885A-6DF202FC5216}.Debug|Any CPU.ActiveCfg = Debug|Any CPU
		{DE66C935-5460-48A2-885A-6DF202FC5216}.Debug|Any CPU.Build.0 = Debug|Any CPU
		{DE66C935-5460-48A2-885A-6DF202FC5216}.Release|Any CPU.ActiveCfg = Release|Any CPU
		{DE66C935-5460-48A2-885A-6DF202FC5216}.Release|Any CPU.Build.0 = Release|Any CPU
		{7EB2F6E9-581E-4743-A3E7-EEC2B3C8FCF4}.Debug|Any CPU.ActiveCfg = Debug|Any CPU
		{7EB2F6E9-581E-4743-A3E7-EEC2B3C8FCF4}.Debug|Any CPU.Build.0 = Debug|Any CPU
		{7EB2F6E9-581E-4743-A3E7-EEC2B3C8FCF4}.Release|Any CPU.ActiveCfg = Release|Any CPU
		{7EB2F6E9-581E-4743-A3E7-EEC2B3C8FCF4}.Release|Any CPU.Build.0 = Release|Any CPU
		{8A38147B-ED5D-45F3-951D-1EAC889B2C0C}.Debug|Any CPU.ActiveCfg = Debug|Any CPU
		{8A38147B-ED5D-45F3-951D-1EAC889B2C0C}.Debug|Any CPU.Build.0 = Debug|Any CPU
		{8A38147B-ED5D-45F3-951D-1EAC889B2C0C}.Release|Any CPU.ActiveCfg = Release|Any CPU
		{8A38147B-ED5D-45F3-951D-1EAC889B2C0C}.Release|Any CPU.Build.0 = Release|Any CPU
		{BD5679F3-DA6E-4536-9CD3-8745CFFA7E59}.Debug|Any CPU.ActiveCfg = Debug|Any CPU
		{BD5679F3-DA6E-4536-9CD3-8745CFFA7E59}.Debug|Any CPU.Build.0 = Debug|Any CPU
		{BD5679F3-DA6E-4536-9CD3-8745CFFA7E59}.Release|Any CPU.ActiveCfg = Release|Any CPU
		{BD5679F3-DA6E-4536-9CD3-8745CFFA7E59}.Release|Any CPU.Build.0 = Release|Any CPU
	EndGlobalSection
	GlobalSection(SolutionProperties) = preSolution
		HideSolutionNode = FALSE
	EndGlobalSection
EndGlobal
